<Solution>
  <Project Path="AuctionServer.Api/AuctionServer.Api.csproj" />
  <Project Path="AuctionServer.Shared.Integration/AuctionServer.Shared.Integration.csproj" />
  <Project Path="AuctionServer.Modules.Auctions.Tests/AuctionServer.Modules.Auctions.Tests.csproj" />
  <Project Path="AuctionServer.Modules.Auctions/AuctionServer.Modules.Auctions.csproj" />
  <Project Path="AuctionServer.Modules.Identity/AuctionServer.Modules.Identity.csproj" />
  <Project Path="AuctionServer.Modules.Inventory/AuctionServer.Modules.Inventory.csproj" />
  <Project Path="AuctionServer.Modules.Wallets.Tests/AuctionServer.Modules.Wallets.Tests.csproj" />
  <Project Path="AuctionServer.Modules.Wallets/AuctionServer.Modules.Wallets.csproj" />
</Solution>